// !$*UTF8*$!
{
	archiveVersion = 1;
	classes = {
	};
	objectVersion = 55;
	objects = {

/* Begin PBXBuildFile section */
		044180642A61E00E00E995C5 /* Simulator Screenshot - iPhone 14 Pro - 2023-07-15 at 01.26.31.png in Resources */ = {isa = PBXBuildFile; fileRef = 044180632A61E00E00E995C5 /* Simulator Screenshot - iPhone 14 Pro - 2023-07-15 at 01.26.31.png */; };
		625C18C328CE2AA000C34532 /* AppDelegate.swift in Sources */ = {isa = PBXBuildFile; fileRef = 625C18C228CE2AA000C34532 /* AppDelegate.swift */; };
		625C18C528CE2AA000C34532 /* SceneDelegate.swift in Sources */ = {isa = PBXBuildFile; fileRef = 625C18C428CE2AA000C34532 /* SceneDelegate.swift */; };
		625C18C728CE2AA000C34532 /* ViewController.swift in Sources */ = {isa = PBXBuildFile; fileRef = 625C18C628CE2AA000C34532 /* ViewController.swift */; };
		625C18CA28CE2AA000C34532 /* Main.storyboard in Resources */ = {isa = PBXBuildFile; fileRef = 625C18C828CE2AA000C34532 /* Main.storyboard */; };
		625C18CC28CE2AA100C34532 /* Assets.xcassets in Resources */ = {isa = PBXBuildFile; fileRef = 625C18CB28CE2AA100C34532 /* Assets.xcassets */; };
		625C18CF28CE2AA200C34532 /* LaunchScreen.storyboard in Resources */ = {isa = PBXBuildFile; fileRef = 625C18CD28CE2AA200C34532 /* LaunchScreen.storyboard */; };
		625C18DA28CE2AA200C34532 /* E_SignatureTests.swift in Sources */ = {isa = PBXBuildFile; fileRef = 625C18D928CE2AA200C34532 /* E_SignatureTests.swift */; };
		625C18E428CE2AA200C34532 /* E_SignatureUITests.swift in Sources */ = {isa = PBXBuildFile; fileRef = 625C18E328CE2AA200C34532 /* E_SignatureUITests.swift */; };
		625C18E628CE2AA200C34532 /* E_SignatureUITestsLaunchTests.swift in Sources */ = {isa = PBXBuildFile; fileRef = 625C18E528CE2AA200C34532 /* E_SignatureUITestsLaunchTests.swift */; };
		625C18F328CE369600C34532 /* EditESignViewController.swift in Sources */ = {isa = PBXBuildFile; fileRef = 625C18F228CE369600C34532 /* EditESignViewController.swift */; };
		625C18F528CE374E00C34532 /* Draw.swift in Sources */ = {isa = PBXBuildFile; fileRef = 625C18F428CE374E00C34532 /* Draw.swift */; };
/* End PBXBuildFile section */

/* Begin PBXContainerItemProxy section */
		625C18D628CE2AA200C34532 /* PBXContainerItemProxy */ = {
			isa = PBXContainerItemProxy;
			containerPortal = 625C18B728CE2AA000C34532 /* Project object */;
			proxyType = 1;
			remoteGlobalIDString = 625C18BE28CE2AA000C34532;
			remoteInfo = "E-Signature";
		};
		625C18E028CE2AA200C34532 /* PBXContainerItemProxy */ = {
			isa = PBXContainerItemProxy;
			containerPortal = 625C18B728CE2AA000C34532 /* Project object */;
			proxyType = 1;
			remoteGlobalIDString = 625C18BE28CE2AA000C34532;
			remoteInfo = "E-Signature";
		};
/* End PBXContainerItemProxy section */

/* Begin PBXFileReference section */
		044180632A61E00E00E995C5 /* Simulator Screenshot - iPhone 14 Pro - 2023-07-15 at 01.26.31.png */ = {isa = PBXFileReference; lastKnownFileType = image.png; path = "Simulator Screenshot - iPhone 14 Pro - 2023-07-15 at 01.26.31.png"; sourceTree = "<group>"; };
		625C18BF28CE2AA000C34532 /* E-Signature.app */ = {isa = PBXFileReference; explicitFileType = wrapper.application; includeInIndex = 0; path = "E-Signature.app"; sourceTree = BUILT_PRODUCTS_DIR; };
		625C18C228CE2AA000C34532 /* AppDelegate.swift */ = {isa = PBXFileReference; lastKnownFileType = sourcecode.swift; path = AppDelegate.swift; sourceTree = "<group>"; };
		625C18C428CE2AA000C34532 /* SceneDelegate.swift */ = {isa = PBXFileReference; lastKnownFileType = sourcecode.swift; path = SceneDelegate.swift; sourceTree = "<group>"; };
		625C18C628CE2AA000C34532 /* ViewController.swift */ = {isa = PBXFileReference; lastKnownFileType = sourcecode.swift; path = ViewController.swift; sourceTree = "<group>"; };
		625C18C928CE2AA000C34532 /* Base */ = {isa = PBXFileReference; lastKnownFileType = file.storyboard; name = Base; path = Base.lproj/Main.storyboard; sourceTree = "<group>"; };
		625C18CB28CE2AA100C34532 /* Assets.xcassets */ = {isa = PBXFileReference; lastKnownFileType = folder.assetcatalog; path = Assets.xcassets; sourceTree = "<group>"; };
		625C18CE28CE2AA200C34532 /* Base */ = {isa = PBXFileReference; lastKnownFileType = file.storyboard; name = Base; path = Base.lproj/LaunchScreen.storyboard; sourceTree = "<group>"; };
		625C18D028CE2AA200C34532 /* Info.plist */ = {isa = PBXFileReference; lastKnownFileType = text.plist.xml; path = Info.plist; sourceTree = "<group>"; };
		625C18D528CE2AA200C34532 /* E-SignatureTests.xctest */ = {isa = PBXFileReference; explicitFileType = wrapper.cfbundle; includeInIndex = 0; path = "E-SignatureTests.xctest"; sourceTree = BUILT_PRODUCTS_DIR; };
		625C18D928CE2AA200C34532 /* E_SignatureTests.swift */ = {isa = PBXFileReference; lastKnownFileType = sourcecode.swift; path = E_SignatureTests.swift; sourceTree = "<group>"; };
		625C18DF28CE2AA200C34532 /* E-SignatureUITests.xctest */ = {isa = PBXFileReference; explicitFileType = wrapper.cfbundle; includeInIndex = 0; path = "E-SignatureUITests.xctest"; sourceTree = BUILT_PRODUCTS_DIR; };
		625C18E328CE2AA200C34532 /* E_SignatureUITests.swift */ = {isa = PBXFileReference; lastKnownFileType = sourcecode.swift; path = E_SignatureUITests.swift; sourceTree = "<group>"; };
		625C18E528CE2AA200C34532 /* E_SignatureUITestsLaunchTests.swift */ = {isa = PBXFileReference; lastKnownFileType = sourcecode.swift; path = E_SignatureUITestsLaunchTests.swift; sourceTree = "<group>"; };
		625C18F228CE369600C34532 /* EditESignViewController.swift */ = {isa = PBXFileReference; lastKnownFileType = sourcecode.swift; path = EditESignViewController.swift; sourceTree = "<group>"; };
		625C18F428CE374E00C34532 /* Draw.swift */ = {isa = PBXFileReference; lastKnownFileType = sourcecode.swift; path = Draw.swift; sourceTree = "<group>"; };
/* End PBXFileReference section */

/* Begin PBXFrameworksBuildPhase section */
		625C18BC28CE2AA000C34532 /* Frameworks */ = {
			isa = PBXFrameworksBuildPhase;
			buildActionMask = 2147483647;
			files = (
			);
			runOnlyForDeploymentPostprocessing = 0;
		};
		625C18D228CE2AA200C34532 /* Frameworks */ = {
			isa = PBXFrameworksBuildPhase;
			buildActionMask = 2147483647;
			files = (
			);
			runOnlyForDeploymentPostprocessing = 0;
		};
		625C18DC28CE2AA200C34532 /* Frameworks */ = {
			isa = PBXFrameworksBuildPhase;
			buildActionMask = 2147483647;
			files = (
			);
			runOnlyForDeploymentPostprocessing = 0;
		};
/* End PBXFrameworksBuildPhase section */

/* Begin PBXGroup section */
		625C18B628CE2AA000C34532 = {
			isa = PBXGroup;
			children = (
				625C18C128CE2AA000C34532 /* E-Signature */,
				625C18D828CE2AA200C34532 /* E-SignatureTests */,
				625C18E228CE2AA200C34532 /* E-SignatureUITests */,
				625C18C028CE2AA000C34532 /* Products */,
			);
			sourceTree = "<group>";
		};
		625C18C028CE2AA000C34532 /* Products */ = {
			isa = PBXGroup;
			children = (
				625C18BF28CE2AA000C34532 /* E-Signature.app */,
				625C18D528CE2AA200C34532 /* E-SignatureTests.xctest */,
				625C18DF28CE2AA200C34532 /* E-SignatureUITests.xctest */,
			);
			name = Products;
			sourceTree = "<group>";
		};
		625C18C128CE2AA000C34532 /* E-Signature */ = {
			isa = PBXGroup;
			children = (
				625C18C228CE2AA000C34532 /* AppDelegate.swift */,
				625C18C428CE2AA000C34532 /* SceneDelegate.swift */,
				625C18C628CE2AA000C34532 /* ViewController.swift */,
				625C18F228CE369600C34532 /* EditESignViewController.swift */,
				625C18F428CE374E00C34532 /* Draw.swift */,
				625C18C828CE2AA000C34532 /* Main.storyboard */,
				625C18CB28CE2AA100C34532 /* Assets.xcassets */,
				044180632A61E00E00E995C5 /* Simulator Screenshot - iPhone 14 Pro - 2023-07-15 at 01.26.31.png */,
				625C18CD28CE2AA200C34532 /* LaunchScreen.storyboard */,
				625C18D028CE2AA200C34532 /* Info.plist */,
			);
			path = "E-Signature";
			sourceTree = "<group>";
		};
		625C18D828CE2AA200C34532 /* E-SignatureTests */ = {
			isa = PBXGroup;
			children = (
				625C18D928CE2AA200C34532 /* E_SignatureTests.swift */,
			);
			path = "E-SignatureTests";
			sourceTree = "<group>";
		};
		625C18E228CE2AA200C34532 /* E-SignatureUITests */ = {
			isa = PBXGroup;
			children = (
				625C18E328CE2AA200C34532 /* E_SignatureUITests.swift */,
				625C18E528CE2AA200C34532 /* E_SignatureUITestsLaunchTests.swift */,
			);
			path = "E-SignatureUITests";
			sourceTree = "<group>";
		};
/* End PBXGroup section */

/* Begin PBXNativeTarget section */
		625C18BE28CE2AA000C34532 /* E-Signature */ = {
			isa = PBXNativeTarget;
			buildConfigurationList = 625C18E928CE2AA200C34532 /* Build configuration list for PBXNativeTarget "E-Signature" */;
			buildPhases = (
				625C18BB28CE2AA000C34532 /* Sources */,
				625C18BC28CE2AA000C34532 /* Frameworks */,
				625C18BD28CE2AA000C34532 /* Resources */,
			);
			buildRules = (
			);
			dependencies = (
			);
			name = "E-Signature";
			productName = "E-Signature";
			productReference = 625C18BF28CE2AA000C34532 /* E-Signature.app */;
			productType = "com.apple.product-type.application";
		};
		625C18D428CE2AA200C34532 /* E-SignatureTests */ = {
			isa = PBXNativeTarget;
			buildConfigurationList = 625C18EC28CE2AA200C34532 /* Build configuration list for PBXNativeTarget "E-SignatureTests" */;
			buildPhases = (
				625C18D128CE2AA200C34532 /* Sources */,
				625C18D228CE2AA200C34532 /* Frameworks */,
				625C18D328CE2AA200C34532 /* Resources */,
			);
			buildRules = (
			);
			dependencies = (
				625C18D728CE2AA200C34532 /* PBXTargetDependency */,
			);
			name = "E-SignatureTests";
			productName = "E-SignatureTests";
			productReference = 625C18D528CE2AA200C34532 /* E-SignatureTests.xctest */;
			productType = "com.apple.product-type.bundle.unit-test";
		};
		625C18DE28CE2AA200C34532 /* E-SignatureUITests */ = {
			isa = PBXNativeTarget;
			buildConfigurationList = 625C18EF28CE2AA200C34532 /* Build configuration list for PBXNativeTarget "E-SignatureUITests" */;
			buildPhases = (
				625C18DB28CE2AA200C34532 /* Sources */,
				625C18DC28CE2AA200C34532 /* Frameworks */,
				625C18DD28CE2AA200C34532 /* Resources */,
			);
			buildRules = (
			);
			dependencies = (
				625C18E128CE2AA200C34532 /* PBXTargetDependency */,
			);
			name = "E-SignatureUITests";
			productName = "E-SignatureUITests";
			productReference = 625C18DF28CE2AA200C34532 /* E-SignatureUITests.xctest */;
			productType = "com.apple.product-type.bundle.ui-testing";
		};
/* End PBXNativeTarget section */

/* Begin PBXProject section */
		625C18B728CE2AA000C34532 /* Project object */ = {
			isa = PBXProject;
			attributes = {
				BuildIndependentTargetsInParallel = 1;
				LastSwiftUpdateCheck = 1340;
				LastUpgradeCheck = 1340;
				TargetAttributes = {
					625C18BE28CE2AA000C34532 = {
						CreatedOnToolsVersion = 13.4.1;
					};
					625C18D428CE2AA200C34532 = {
						CreatedOnToolsVersion = 13.4.1;
						TestTargetID = 625C18BE28CE2AA000C34532;
					};
					625C18DE28CE2AA200C34532 = {
						CreatedOnToolsVersion = 13.4.1;
						TestTargetID = 625C18BE28CE2AA000C34532;
					};
				};
			};
			buildConfigurationList = 625C18BA28CE2AA000C34532 /* Build configuration list for PBXProject "E-Signature" */;
			compatibilityVersion = "Xcode 13.0";
			developmentRegion = en;
			hasScannedForEncodings = 0;
			knownRegions = (
				en,
				Base,
			);
			mainGroup = 625C18B628CE2AA000C34532;
			productRefGroup = 625C18C028CE2AA000C34532 /* Products */;
			projectDirPath = "";
			projectRoot = "";
			targets = (
				625C18BE28CE2AA000C34532 /* E-Signature */,
				625C18D428CE2AA200C34532 /* E-SignatureTests */,
				625C18DE28CE2AA200C34532 /* E-SignatureUITests */,
			);
		};
/* End PBXProject section */

/* Begin PBXResourcesBuildPhase section */
		625C18BD28CE2AA000C34532 /* Resources */ = {
			isa = PBXResourcesBuildPhase;
			buildActionMask = 2147483647;
			files = (
				625C18CF28CE2AA200C34532 /* LaunchScreen.storyboard in Resources */,
				625C18CC28CE2AA100C34532 /* Assets.xcassets in Resources */,
				625C18CA28CE2AA000C34532 /* Main.storyboard in Resources */,
				044180642A61E00E00E995C5 /* Simulator Screenshot - iPhone 14 Pro - 2023-07-15 at 01.26.31.png in Resources */,
			);
			runOnlyForDeploymentPostprocessing = 0;
		};
		625C18D328CE2AA200C34532 /* Resources */ = {
			isa = PBXResourcesBuildPhase;
			buildActionMask = 2147483647;
			files = (
			);
			runOnlyForDeploymentPostprocessing = 0;
		};
		625C18DD28CE2AA200C34532 /* Resources */ = {
			isa = PBXResourcesBuildPhase;
			buildActionMask = 2147483647;
			files = (
			);
			runOnlyForDeploymentPostprocessing = 0;
		};
/* End PBXResourcesBuildPhase section */

/* Begin PBXSourcesBuildPhase section */
		625C18BB28CE2AA000C34532 /* Sources */ = {
			isa = PBXSourcesBuildPhase;
			buildActionMask = 2147483647;
			files = (
				625C18C728CE2AA000C34532 /* ViewController.swift in Sources */,
				625C18C328CE2AA000C34532 /* AppDelegate.swift in Sources */,
				625C18C528CE2AA000C34532 /* SceneDelegate.swift in Sources */,
				625C18F328CE369600C34532 /* EditESignViewController.swift in Sources */,
				625C18F528CE374E00C34532 /* Draw.swift in Sources */,
			);
			runOnlyForDeploymentPostprocessing = 0;
		};
		625C18D128CE2AA200C34532 /* Sources */ = {
			isa = PBXSourcesBuildPhase;
			buildActionMask = 2147483647;
			files = (
				625C18DA28CE2AA200C34532 /* E_SignatureTests.swift in Sources */,
			);
			runOnlyForDeploymentPostprocessing = 0;
		};
		625C18DB28CE2AA200C34532 /* Sources */ = {
			isa = PBXSourcesBuildPhase;
			buildActionMask = 2147483647;
			files = (
				625C18E428CE2AA200C34532 /* E_SignatureUITests.swift in Sources */,
				625C18E628CE2AA200C34532 /* E_SignatureUITestsLaunchTests.swift in Sources */,
			);
			runOnlyForDeploymentPostprocessing = 0;
		};
/* End PBXSourcesBuildPhase section */

/* Begin PBXTargetDependency section */
		625C18D728CE2AA200C34532 /* PBXTargetDependency */ = {
			isa = PBXTargetDependency;
			target = 625C18BE28CE2AA000C34532 /* E-Signature */;
			targetProxy = 625C18D628CE2AA200C34532 /* PBXContainerItemProxy */;
		};
		625C18E128CE2AA200C34532 /* PBXTargetDependency */ = {
			isa = PBXTargetDependency;
			target = 625C18BE28CE2AA000C34532 /* E-Signature */;
			targetProxy = 625C18E028CE2AA200C34532 /* PBXContainerItemProxy */;
		};
/* End PBXTargetDependency section */

/* Begin PBXVariantGroup section */
		625C18C828CE2AA000C34532 /* Main.storyboard */ = {
			isa = PBXVariantGroup;
			children = (
				625C18C928CE2AA000C34532 /* Base */,
			);
			name = Main.storyboard;
			sourceTree = "<group>";
		};
		625C18CD28CE2AA200C34532 /* LaunchScreen.storyboard */ = {
			isa = PBXVariantGroup;
			children = (
				625C18CE28CE2AA200C34532 /* Base */,
			);
			name = LaunchScreen.storyboard;
			sourceTree = "<group>";
		};
/* End PBXVariantGroup section */

/* Begin XCBuildConfiguration section */
		625C18E728CE2AA200C34532 /* Debug */ = {
			isa = XCBuildConfiguration;
			buildSettings = {
				ALWAYS_SEARCH_USER_PATHS = NO;
				CLANG_ANALYZER_NONNULL = YES;
				CLANG_ANALYZER_NUMBER_OBJECT_CONVERSION = YES_AGGRESSIVE;
				CLANG_CXX_LANGUAGE_STANDARD = "gnu++17";
				CLANG_ENABLE_MODULES = YES;
				CLANG_ENABLE_OBJC_ARC = YES;
				CLANG_ENABLE_OBJC_WEAK = YES;
				CLANG_WARN_BLOCK_CAPTURE_AUTORELEASING = YES;
				CLANG_WARN_BOOL_CONVERSION = YES;
				CLANG_WARN_COMMA = YES;
				CLANG_WARN_CONSTANT_CONVERSION = YES;
				CLANG_WARN_DEPRECATED_OBJC_IMPLEMENTATIONS = YES;
				CLANG_WARN_DIRECT_OBJC_ISA_USAGE = YES_ERROR;
				CLANG_WARN_DOCUMENTATION_COMMENTS = YES;
				CLANG_WARN_EMPTY_BODY = YES;
				CLANG_WARN_ENUM_CONVERSION = YES;
				CLANG_WARN_INFINITE_RECURSION = YES;
				CLANG_WARN_INT_CONVERSION = YES;
				CLANG_WARN_NON_LITERAL_NULL_CONVERSION = YES;
				CLANG_WARN_OBJC_IMPLICIT_RETAIN_SELF = YES;
				CLANG_WARN_OBJC_LITERAL_CONVERSION = YES;
				CLANG_WARN_OBJC_ROOT_CLASS = YES_ERROR;
				CLANG_WARN_QUOTED_INCLUDE_IN_FRAMEWORK_HEADER = YES;
				CLANG_WARN_RANGE_LOOP_ANALYSIS = YES;
				CLANG_WARN_STRICT_PROTOTYPES = YES;
				CLANG_WARN_SUSPICIOUS_MOVE = YES;
				CLANG_WARN_UNGUARDED_AVAILABILITY = YES_AGGRESSIVE;
				CLANG_WARN_UNREACHABLE_CODE = YES;
				CLANG_WARN__DUPLICATE_METHOD_MATCH = YES;
				COPY_PHASE_STRIP = NO;
				DEBUG_INFORMATION_FORMAT = dwarf;
				ENABLE_STRICT_OBJC_MSGSEND = YES;
				ENABLE_TESTABILITY = YES;
				GCC_C_LANGUAGE_STANDARD = gnu11;
				GCC_DYNAMIC_NO_PIC = NO;
				GCC_NO_COMMON_BLOCKS = YES;
				GCC_OPTIMIZATION_LEVEL = 0;
				GCC_PREPROCESSOR_DEFINITIONS = (
					"DEBUG=1",
					"$(inherited)",
				);
				GCC_WARN_64_TO_32_BIT_CONVERSION = YES;
				GCC_WARN_ABOUT_RETURN_TYPE = YES_ERROR;
				GCC_WARN_UNDECLARED_SELECTOR = YES;
				GCC_WARN_UNINITIALIZED_AUTOS = YES_AGGRESSIVE;
				GCC_WARN_UNUSED_FUNCTION = YES;
				GCC_WARN_UNUSED_VARIABLE = YES;
				IPHONEOS_DEPLOYMENT_TARGET = 15.5;
				MTL_ENABLE_DEBUG_INFO = INCLUDE_SOURCE;
				MTL_FAST_MATH = YES;
				ONLY_ACTIVE_ARCH = YES;
				SDKROOT = iphoneos;
				SWIFT_ACTIVE_COMPILATION_CONDITIONS = DEBUG;
				SWIFT_OPTIMIZATION_LEVEL = "-Onone";
			};
			name = Debug;
		};
		625C18E828CE2AA200C34532 /* Release */ = {
			isa = XCBuildConfiguration;
			buildSettings = {
				ALWAYS_SEARCH_USER_PATHS = NO;
				CLANG_ANALYZER_NONNULL = YES;
				CLANG_ANALYZER_NUMBER_OBJECT_CONVERSION = YES_AGGRESSIVE;
				CLANG_CXX_LANGUAGE_STANDARD = "gnu++17";
				CLANG_ENABLE_MODULES = YES;
				CLANG_ENABLE_OBJC_ARC = YES;
				CLANG_ENABLE_OBJC_WEAK = YES;
				CLANG_WARN_BLOCK_CAPTURE_AUTORELEASING = YES;
				CLANG_WARN_BOOL_CONVERSION = YES;
				CLANG_WARN_COMMA = YES;
				CLANG_WARN_CONSTANT_CONVERSION = YES;
				CLANG_WARN_DEPRECATED_OBJC_IMPLEMENTATIONS = YES;
				CLANG_WARN_DIRECT_OBJC_ISA_USAGE = YES_ERROR;
				CLANG_WARN_DOCUMENTATION_COMMENTS = YES;
				CLANG_WARN_EMPTY_BODY = YES;
				CLANG_WARN_ENUM_CONVERSION = YES;
				CLANG_WARN_INFINITE_RECURSION = YES;
				CLANG_WARN_INT_CONVERSION = YES;
				CLANG_WARN_NON_LITERAL_NULL_CONVERSION = YES;
				CLANG_WARN_OBJC_IMPLICIT_RETAIN_SELF = YES;
				CLANG_WARN_OBJC_LITERAL_CONVERSION = YES;
				CLANG_WARN_OBJC_ROOT_CLASS = YES_ERROR;
				CLANG_WARN_QUOTED_INCLUDE_IN_FRAMEWORK_HEADER = YES;
				CLANG_WARN_RANGE_LOOP_ANALYSIS = YES;
				CLANG_WARN_STRICT_PROTOTYPES = YES;
				CLANG_WARN_SUSPICIOUS_MOVE = YES;
				CLANG_WARN_UNGUARDED_AVAILABILITY = YES_AGGRESSIVE;
				CLANG_WARN_UNREACHABLE_CODE = YES;
				CLANG_WARN__DUPLICATE_METHOD_MATCH = YES;
				COPY_PHASE_STRIP = NO;
				DEBUG_INFORMATION_FORMAT = "dwarf-with-dsym";
				ENABLE_NS_ASSERTIONS = NO;
				ENABLE_STRICT_OBJC_MSGSEND = YES;
				GCC_C_LANGUAGE_STANDARD = gnu11;
				GCC_NO_COMMON_BLOCKS = YES;
				GCC_WARN_64_TO_32_BIT_CONVERSION = YES;
				GCC_WARN_ABOUT_RETURN_TYPE = YES_ERROR;
				GCC_WARN_UNDECLARED_SELECTOR = YES;
				GCC_WARN_UNINITIALIZED_AUTOS = YES_AGGRESSIVE;
				GCC_WARN_UNUSED_FUNCTION = YES;
				GCC_WARN_UNUSED_VARIABLE = YES;
				IPHONEOS_DEPLOYMENT_TARGET = 15.5;
				MTL_ENABLE_DEBUG_INFO = NO;
				MTL_FAST_MATH = YES;
				SDKROOT = iphoneos;
				SWIFT_COMPILATION_MODE = wholemodule;
				SWIFT_OPTIMIZATION_LEVEL = "-O";
				VALIDATE_PRODUCT = YES;
			};
			name = Release;
		};
		625C18EA28CE2AA200C34532 /* Debug */ = {
			isa = XCBuildConfiguration;
			buildSettings = {
				ASSETCATALOG_COMPILER_APPICON_NAME = AppIcon;
				ASSETCATALOG_COMPILER_GLOBAL_ACCENT_COLOR_NAME = AccentColor;
				CODE_SIGN_STYLE = Automatic;
				CURRENT_PROJECT_VERSION = 1;
				GENERATE_INFOPLIST_FILE = YES;
				INFOPLIST_FILE = "E-Signature/Info.plist";
				INFOPLIST_KEY_UIApplicationSupportsIndirectInputEvents = YES;
				INFOPLIST_KEY_UILaunchStoryboardName = LaunchScreen;
				INFOPLIST_KEY_UIMainStoryboardFile = Main;
				INFOPLIST_KEY_UISupportedInterfaceOrientations_iPad = "UIInterfaceOrientationPortrait UIInterfaceOrientationPortraitUpsideDown UIInterfaceOrientationLandscapeLeft UIInterfaceOrientationLandscapeRight";
				INFOPLIST_KEY_UISupportedInterfaceOrientations_iPhone = "UIInterfaceOrientationPortrait UIInterfaceOrientationLandscapeLeft UIInterfaceOrientationLandscapeRight";
				LD_RUNPATH_SEARCH_PATHS = (
					"$(inherited)",
					"@executable_path/Frameworks",
				);
				MARKETING_VERSION = 1.0;
				PRODUCT_BUNDLE_IDENTIFIER = "com.dilshad.E-Signature";
				PRODUCT_NAME = "$(TARGET_NAME)";
				SWIFT_EMIT_LOC_STRINGS = YES;
				SWIFT_VERSION = 5.0;
				TARGETED_DEVICE_FAMILY = "1,2";
			};
			name = Debug;
		};
		625C18EB28CE2AA200C34532 /* Release */ = {
			isa = XCBuildConfiguration;
			buildSettings = {
				ASSETCATALOG_COMPILER_APPICON_NAME = AppIcon;
				ASSETCATALOG_COMPILER_GLOBAL_ACCENT_COLOR_NAME = AccentColor;
				CODE_SIGN_STYLE = Automatic;
				CURRENT_PROJECT_VERSION = 1;
				GENERATE_INFOPLIST_FILE = YES;
				INFOPLIST_FILE = "E-Signature/Info.plist";
				INFOPLIST_KEY_UIApplicationSupportsIndirectInputEvents = YES;
				INFOPLIST_KEY_UILaunchStoryboardName = LaunchScreen;
				INFOPLIST_KEY_UIMainStoryboardFile = Main;
				INFOPLIST_KEY_UISupportedInterfaceOrientations_iPad = "UIInterfaceOrientationPortrait UIInterfaceOrientationPortraitUpsideDown UIInterfaceOrientationLandscapeLeft UIInterfaceOrientationLandscapeRight";
				INFOPLIST_KEY_UISupportedInterfaceOrientations_iPhone = "UIInterfaceOrientationPortrait UIInterfaceOrientationLandscapeLeft UIInterfaceOrientationLandscapeRight";
				LD_RUNPATH_SEARCH_PATHS = (
					"$(inherited)",
					"@executable_path/Frameworks",
				);
				MARKETING_VERSION = 1.0;
				PRODUCT_BUNDLE_IDENTIFIER = "com.dilshad.E-Signature";
				PRODUCT_NAME = "$(TARGET_NAME)";
				SWIFT_EMIT_LOC_STRINGS = YES;
				SWIFT_VERSION = 5.0;
				TARGETED_DEVICE_FAMILY = "1,2";
			};
			name = Release;
		};
		625C18ED28CE2AA200C34532 /* Debug */ = {
			isa = XCBuildConfiguration;
			buildSettings = {
				ALWAYS_EMBED_SWIFT_STANDARD_LIBRARIES = YES;
				BUNDLE_LOADER = "$(TEST_HOST)";
				CODE_SIGN_STYLE = Automatic;
				CURRENT_PROJECT_VERSION = 1;
				GENERATE_INFOPLIST_FILE = YES;
				IPHONEOS_DEPLOYMENT_TARGET = 15.5;
				MARKETING_VERSION = 1.0;
				PRODUCT_BUNDLE_IDENTIFIER = "com.dilshad.E-SignatureTests";
				PRODUCT_NAME = "$(TARGET_NAME)";
				SWIFT_EMIT_LOC_STRINGS = NO;
				SWIFT_VERSION = 5.0;
				TARGETED_DEVICE_FAMILY = "1,2";
				TEST_HOST = "$(BUILT_PRODUCTS_DIR)/E-Signature.app/E-Signature";
			};
			name = Debug;
		};
		625C18EE28CE2AA200C34532 /* Release */ = {
			isa = XCBuildConfiguration;
			buildSettings = {
				ALWAYS_EMBED_SWIFT_STANDARD_LIBRARIES = YES;
				BUNDLE_LOADER = "$(TEST_HOST)";
				CODE_SIGN_STYLE = Automatic;
				CURRENT_PROJECT_VERSION = 1;
				GENERATE_INFOPLIST_FILE = YES;
				IPHONEOS_DEPLOYMENT_TARGET = 15.5;
				MARKETING_VERSION = 1.0;
				PRODUCT_BUNDLE_IDENTIFIER = "com.dilshad.E-SignatureTests";
				PRODUCT_NAME = "$(TARGET_NAME)";
				SWIFT_EMIT_LOC_STRINGS = NO;
				SWIFT_VERSION = 5.0;
				TARGETED_DEVICE_FAMILY = "1,2";
				TEST_HOST = "$(BUILT_PRODUCTS_DIR)/E-Signature.app/E-Signature";
			};
			name = Release;
		};
		625C18F028CE2AA200C34532 /* Debug */ = {
			isa = XCBuildConfiguration;
			buildSettings = {
				ALWAYS_EMBED_SWIFT_STANDARD_LIBRARIES = YES;
				CODE_SIGN_STYLE = Automatic;
				CURRENT_PROJECT_VERSION = 1;
				GENERATE_INFOPLIST_FILE = YES;
				MARKETING_VERSION = 1.0;
				PRODUCT_BUNDLE_IDENTIFIER = "com.dilshad.E-SignatureUITests";
				PRODUCT_NAME = "$(TARGET_NAME)";
				SWIFT_EMIT_LOC_STRINGS = NO;
				SWIFT_VERSION = 5.0;
				TARGETED_DEVICE_FAMILY = "1,2";
				TEST_TARGET_NAME = "E-Signature";
			};
			name = Debug;
		};
		625C18F128CE2AA200C34532 /* Release */ = {
			isa = XCBuildConfiguration;
			buildSettings = {
				ALWAYS_EMBED_SWIFT_STANDARD_LIBRARIES = YES;
				CODE_SIGN_STYLE = Automatic;
				CURRENT_PROJECT_VERSION = 1;
				GENERATE_INFOPLIST_FILE = YES;
				MARKETING_VERSION = 1.0;
				PRODUCT_BUNDLE_IDENTIFIER = "com.dilshad.E-SignatureUITests";
				PRODUCT_NAME = "$(TARGET_NAME)";
				SWIFT_EMIT_LOC_STRINGS = NO;
				SWIFT_VERSION = 5.0;
				TARGETED_DEVICE_FAMILY = "1,2";
				TEST_TARGET_NAME = "E-Signature";
			};
			name = Release;
		};
/* End XCBuildConfiguration section */

/* Begin XCConfigurationList section */
		625C18BA28CE2AA000C34532 /* Build configuration list for PBXProject "E-Signature" */ = {
			isa = XCConfigurationList;
			buildConfigurations = (
				625C18E728CE2AA200C34532 /* Debug */,
				625C18E828CE2AA200C34532 /* Release */,
			);
			defaultConfigurationIsVisible = 0;
			defaultConfigurationName = Release;
		};
		625C18E928CE2AA200C34532 /* Build configuration list for PBXNativeTarget "E-Signature" */ = {
			isa = XCConfigurationList;
			buildConfigurations = (
				625C18EA28CE2AA200C34532 /* Debug */,
				625C18EB28CE2AA200C34532 /* Release */,
			);
			defaultConfigurationIsVisible = 0;
			defaultConfigurationName = Release;
		};
		625C18EC28CE2AA200C34532 /* Build configuration list for PBXNativeTarget "E-SignatureTests" */ = {
			isa = XCConfigurationList;
			buildConfigurations = (
				625C18ED28CE2AA200C34532 /* Debug */,
				625C18EE28CE2AA200C34532 /* Release */,
			);
			defaultConfigurationIsVisible = 0;
			defaultConfigurationName = Release;
		};
		625C18EF28CE2AA200C34532 /* Build configuration list for PBXNativeTarget "E-SignatureUITests" */ = {
			isa = XCConfigurationList;
			buildConfigurations = (
				625C18F028CE2AA200C34532 /* Debug */,
				625C18F128CE2AA200C34532 /* Release */,
			);
			defaultConfigurationIsVisible = 0;
			defaultConfigurationName = Release;
		};
/* End XCConfigurationList section */
	};
	rootObject = 625C18B728CE2AA000C34532 /* Project object */;
}
